# This file is automatically @generated by Cargo.
# It is not intended for manual editing.
version = 4

[[package]]
name = "aarogyam-app"
version = "0.1.0"

[[package]]
name = "aarogyam-domain"
version = "0.1.0"

[[patch.unused]]
name = "sakalya-auth"
version = "0.1.0"

[[patch.unused]]
name = "sakalya-config"
version = "0.1.0"

[[patch.unused]]
name = "sakalya-db"
version = "0.1.0"

[[patch.unused]]
name = "sakalya-http"
version = "0.1.0"

[[patch.unused]]
name = "sakalya-telemetry"
version = "0.1.0"

[[patch.unused]]
name = "sakalya-testkit"
version = "0.1.0"

[[patch.unused]]
name = "sakalya-throttle"
version = "0.1.0"

[[patch.unused]]
name = "sakalya-types"
version = "0.1.0"
